{
  "items": {
    "replications.mraxilus.gitlab.com": {
      "dir": "$deps/replications.mraxilus.gitlab.com",
      "url": "https://gitlab.com/mraxilus/replications",
      "commit": "295bafc5e97e8ee94943c6f4c7a92f215a74e5e7",
      "version": ""
    }
  },
  "nimcfg": [
    "# Configure every build of this project: where PGA library sits, and which algebra it is.",
    "#   Library is restored under `deps/` by Atlas and never committed (Article XI.3). It sits",
    "#   three directories inside replications repository, and Atlas clones whole repositories,",
    "#   so path names subdirectory rather than checkout root; `atlas.lock` records directory",
    "#   name, which Atlas derives from clone URL.",
    "#   Metric is project-wide rather than per entry point: this visualiser is of rigid",
    "#   geometric algebra in four dimensions, and every target, test and front-end wants that",
    "#   one algebra (Article II.1). Capacities stay per entry point, since tests vary them.",
    "",
    "--path:\"deps/replications.mraxilus.gitlab.com/lengyel/projective_geometric_algebra_illuminated\"",
    "--define:\"pga.dimensions=4\"",
    "--define:\"pga.is_conformal=false\"",
    "",
    "############# begin Atlas config section ##########",
    "--noNimblePath",
    "############# end Atlas config section   ##########",
    ""
  ],
  "nimbleFile": {
    "filename": "rga_visualiser.nimble",
    "content": [
      "# Package description read by Atlas and nimble; requirements live here (Article II.8).",
      "",
      "version = \"0.1.0\"",
      "author = \"Emmanuel M. Smith\"",
      "description = \"Interactive visualiser of rigid geometric algebra objects and operations.\"",
      "license = \"Prosperity-3.0.0\"",
      "srcDir = \"src\"",
      "",
      "# PGA library is derived subject this project exists to exercise, so it is dependency",
      "#   rather than copy (Article II.8). It lives inside replications repository rather than at",
      "#   its root, and that repository carries no nimble file, so requirement pins commit and",
      "#   `nim.cfg` names path Atlas restores it to.",
      "# Compiler is pinned by commit rather than release: library's head spells its operators",
      "#   with characters no release lexes, and commit is where Nim added them. CI builds it from",
      "#   source and caches per commit; see PROVENANCE.md, Dependencies / Vendoring.",
      "requires \"nim == 27763495bcfe265507ca98aedc1c7064bf1e0e4d\"",
      "requires \"https://gitlab.com/mraxilus/replications#295bafc\"",
      ""
    ]
  },
  "hostOS": "linux",
  "hostCPU": "amd64",
  "nimVersion": "2.3.1",
  "gccVersion": "13.3.0",
  "clangVersion": ""
}
